{
  "requires": true,
  "lockfileVersion": 1,
  "dependencies": {
    "@vue/cli-plugin-vuex": {
      "version": "4.2.3",
      "resolved": "https://registry.npmjs.org/@vue/cli-plugin-vuex/-/cli-plugin-vuex-4.2.3.tgz",
      "integrity": "sha512-7M4CaoAD4W/GdiDI4+Gh2tATPFBnb/u7bCiLLDsuL9ztypv7l3p4cu43zkDpTCCuufkZFYtZwysOAY8SbGqOjg==",
      "dev": true
    }
  }
}
